{
  "name": "deep-props.set",
  "version": "0.1.0",
  "lockfileVersion": 1,
  "requires": true,
  "dependencies": {
    "deep-props.get": {
      "version": "0.1.3",
      "resolved": "https://registry.npmjs.org/deep-props.get/-/deep-props.get-0.1.3.tgz",
      "integrity": "sha512-p/qqqvd7Zjco5kcNxtBHdgAnmXOQlaNGNkeGmblza+hCTa5p++5UQQTojBmFOr9kUzhFcFwhZ1RXFZiP9ny4RA=="
    }
  }
}
